
Microsoft Visual Studio Solution File, Format Version 12.00
# Visual Studio Version 17
VisualStudioVersion = 17.2.32516.85
MinimumVisualStudioVersion = 10.0.40219.1
Project("{FAE04EC0-301F-11D3-BF4B-00C04F79EFBC}") = "ChargeControlBluetoothMobile.Android", "ChargeControlBluetoothMobile.Android\ChargeControlBluetoothMobile.Android.csproj", "{9DE1B113-A317-4565-90B4-612F2494EBF9}"
EndProject
Project("{FAE04EC0-301F-11D3-BF4B-00C04F79EFBC}") = "ChargeControlBluetoothMobile.iOS", "ChargeControlBluetoothMobile.iOS\ChargeControlBluetoothMobile.iOS.csproj", "{21B8BAB3-9D03-4742-BDB2-DC69EC33CF06}"
EndProject
Project("{FAE04EC0-301F-11D3-BF4B-00C04F79EFBC}") = "ChargeControlBluetoothMobile", "ChargeControlBluetoothMobile\ChargeControlBluetoothMobile.csproj", "{D865FC4C-54A0-4286-A884-C93F317F7CB0}"
EndProject
Global
	GlobalSection(SolutionConfigurationPlatforms) = preSolution
		Debug|Any CPU = Debug|Any CPU
		Debug|iPhone = Debug|iPhone
		Debug|iPhoneSimulator = Debug|iPhoneSimulator
		Release|Any CPU = Release|Any CPU
		Release|iPhone = Release|iPhone
		Release|iPhoneSimulator = Release|iPhoneSimulator
	EndGlobalSection
	GlobalSection(ProjectConfigurationPlatforms) = postSolution
		{9DE1B113-A317-4565-90B4-612F2494EBF9}.Debug|Any CPU.ActiveCfg = Debug|Any CPU
		{9DE1B113-A317-4565-90B4-612F2494EBF9}.Debug|Any CPU.Build.0 = Debug|Any CPU
		{9DE1B113-A317-4565-90B4-612F2494EBF9}.Debug|Any CPU.Deploy.0 = Debug|Any CPU
		{9DE1B113-A317-4565-90B4-612F2494EBF9}.Debug|iPhone.ActiveCfg = Debug|Any CPU
		{9DE1B113-A317-4565-90B4-612F2494EBF9}.Debug|iPhone.Build.0 = Debug|Any CPU
		{9DE1B113-A317-4565-90B4-612F2494EBF9}.Debug|iPhone.Deploy.0 = Debug|Any CPU
		{9DE1B113-A317-4565-90B4-612F2494EBF9}.Debug|iPhoneSimulator.ActiveCfg = Debug|Any CPU
		{9DE1B113-A317-4565-90B4-612F2494EBF9}.Debug|iPhoneSimulator.Build.0 = Debug|Any CPU
		{9DE1B113-A317-4565-90B4-612F2494EBF9}.Debug|iPhoneSimulator.Deploy.0 = Debug|Any CPU
		{9DE1B113-A317-4565-90B4-612F2494EBF9}.Release|Any CPU.ActiveCfg = Release|Any CPU
		{9DE1B113-A317-4565-90B4-612F2494EBF9}.Release|Any CPU.Build.0 = Release|Any CPU
		{9DE1B113-A317-4565-90B4-612F2494EBF9}.Release|Any CPU.Deploy.0 = Release|Any CPU
		{9DE1B113-A317-4565-90B4-612F2494EBF9}.Release|iPhone.ActiveCfg = Release|Any CPU
		{9DE1B113-A317-4565-90B4-612F2494EBF9}.Release|iPhone.Build.0 = Release|Any CPU
		{9DE1B113-A317-4565-90B4-612F2494EBF9}.Release|iPhone.Deploy.0 = Release|Any CPU
		{9DE1B113-A317-4565-90B4-612F2494EBF9}.Release|iPhoneSimulator.ActiveCfg = Release|Any CPU
		{9DE1B113-A317-4565-90B4-612F2494EBF9}.Release|iPhoneSimulator.Build.0 = Release|Any CPU
		{9DE1B113-A317-4565-90B4-612F2494EBF9}.Release|iPhoneSimulator.Deploy.0 = Release|Any CPU
		{21B8BAB3-9D03-4742-BDB2-DC69EC33CF06}.Debug|Any CPU.ActiveCfg = Debug|iPhone
		{21B8BAB3-9D03-4742-BDB2-DC69EC33CF06}.Debug|Any CPU.Build.0 = Debug|iPhone
		{21B8BAB3-9D03-4742-BDB2-DC69EC33CF06}.Debug|Any CPU.Deploy.0 = Debug|iPhone
		{21B8BAB3-9D03-4742-BDB2-DC69EC33CF06}.Debug|iPhone.ActiveCfg = Debug|iPhone
		{21B8BAB3-9D03-4742-BDB2-DC69EC33CF06}.Debug|iPhone.Build.0 = Debug|iPhone
		{21B8BAB3-9D03-4742-BDB2-DC69EC33CF06}.Debug|iPhone.Deploy.0 = Debug|iPhone
		{21B8BAB3-9D03-4742-BDB2-DC69EC33CF06}.Debug|iPhoneSimulator.ActiveCfg = Debug|iPhoneSimulator
		{21B8BAB3-9D03-4742-BDB2-DC69EC33CF06}.Debug|iPhoneSimulator.Build.0 = Debug|iPhoneSimulator
		{21B8BAB3-9D03-4742-BDB2-DC69EC33CF06}.Debug|iPhoneSimulator.Deploy.0 = Debug|iPhoneSimulator
		{21B8BAB3-9D03-4742-BDB2-DC69EC33CF06}.Release|Any CPU.ActiveCfg = Release|iPhoneSimulator
		{21B8BAB3-9D03-4742-BDB2-DC69EC33CF06}.Release|Any CPU.Build.0 = Release|iPhoneSimulator
		{21B8BAB3-9D03-4742-BDB2-DC69EC33CF06}.Release|Any CPU.Deploy.0 = Release|iPhoneSimulator
		{21B8BAB3-9D03-4742-BDB2-DC69EC33CF06}.Release|iPhone.ActiveCfg = Release|iPhone
		{21B8BAB3-9D03-4742-BDB2-DC69EC33CF06}.Release|iPhone.Build.0 = Release|iPhone
		{21B8BAB3-9D03-4742-BDB2-DC69EC33CF06}.Release|iPhone.Deploy.0 = Release|iPhone
		{21B8BAB3-9D03-4742-BDB2-DC69EC33CF06}.Release|iPhoneSimulator.ActiveCfg = Release|iPhoneSimulator
		{21B8BAB3-9D03-4742-BDB2-DC69EC33CF06}.Release|iPhoneSimulator.Build.0 = Release|iPhoneSimulator
		{21B8BAB3-9D03-4742-BDB2-DC69EC33CF06}.Release|iPhoneSimulator.Deploy.0 = Release|iPhoneSimulator
		{D865FC4C-54A0-4286-A884-C93F317F7CB0}.Debug|Any CPU.ActiveCfg = Debug|Any CPU
		{D865FC4C-54A0-4286-A884-C93F317F7CB0}.Debug|Any CPU.Build.0 = Debug|Any CPU
		{D865FC4C-54A0-4286-A884-C93F317F7CB0}.Debug|Any CPU.Deploy.0 = Debug|Any CPU
		{D865FC4C-54A0-4286-A884-C93F317F7CB0}.Debug|iPhone.ActiveCfg = Debug|Any CPU
		{D865FC4C-54A0-4286-A884-C93F317F7CB0}.Debug|iPhone.Build.0 = Debug|Any CPU
		{D865FC4C-54A0-4286-A884-C93F317F7CB0}.Debug|iPhone.Deploy.0 = Debug|Any CPU
		{D865FC4C-54A0-4286-A884-C93F317F7CB0}.Debug|iPhoneSimulator.ActiveCfg = Debug|Any CPU
		{D865FC4C-54A0-4286-A884-C93F317F7CB0}.Debug|iPhoneSimulator.Build.0 = Debug|Any CPU
		{D865FC4C-54A0-4286-A884-C93F317F7CB0}.Debug|iPhoneSimulator.Deploy.0 = Debug|Any CPU
		{D865FC4C-54A0-4286-A884-C93F317F7CB0}.Release|Any CPU.ActiveCfg = Release|Any CPU
		{D865FC4C-54A0-4286-A884-C93F317F7CB0}.Release|Any CPU.Build.0 = Release|Any CPU
		{D865FC4C-54A0-4286-A884-C93F317F7CB0}.Release|Any CPU.Deploy.0 = Release|Any CPU
		{D865FC4C-54A0-4286-A884-C93F317F7CB0}.Release|iPhone.ActiveCfg = Release|Any CPU
		{D865FC4C-54A0-4286-A884-C93F317F7CB0}.Release|iPhone.Build.0 = Release|Any CPU
		{D865FC4C-54A0-4286-A884-C93F317F7CB0}.Release|iPhone.Deploy.0 = Release|Any CPU
		{D865FC4C-54A0-4286-A884-C93F317F7CB0}.Release|iPhoneSimulator.ActiveCfg = Release|Any CPU
		{D865FC4C-54A0-4286-A884-C93F317F7CB0}.Release|iPhoneSimulator.Build.0 = Release|Any CPU
		{D865FC4C-54A0-4286-A884-C93F317F7CB0}.Release|iPhoneSimulator.Deploy.0 = Release|Any CPU
	EndGlobalSection
	GlobalSection(SolutionProperties) = preSolution
		HideSolutionNode = FALSE
	EndGlobalSection
	GlobalSection(ExtensibilityGlobals) = postSolution
		SolutionGuid = {0CA52C28-F47A-4D7C-99A8-522A30858388}
	EndGlobalSection
EndGlobal
